// !$*UTF8*$!
{
	archiveVersion = 1;
	classes = {
	};
	objectVersion = 55;
	objects = {

/* Begin PBXBuildFile section */
		7462767F272901E600C89855 /* AppDelegate.swift in Sources */ = {isa = PBXBuildFile; fileRef = 7462767E272901E600C89855 /* AppDelegate.swift */; };
		74627681272901E600C89855 /* SceneDelegate.swift in Sources */ = {isa = PBXBuildFile; fileRef = 74627680272901E600C89855 /* SceneDelegate.swift */; };
		74627683272901E600C89855 /* ViewController.swift in Sources */ = {isa = PBXBuildFile; fileRef = 74627682272901E600C89855 /* ViewController.swift */; };
		74627686272901E600C89855 /* Main.storyboard in Resources */ = {isa = PBXBuildFile; fileRef = 74627684272901E600C89855 /* Main.storyboard */; };
		74627689272901E700C89855 /* Rainbow2.xcdatamodeld in Sources */ = {isa = PBXBuildFile; fileRef = 74627687272901E700C89855 /* Rainbow2.xcdatamodeld */; };
		7462768B272901E800C89855 /* Assets.xcassets in Resources */ = {isa = PBXBuildFile; fileRef = 7462768A272901E800C89855 /* Assets.xcassets */; };
		7462768E272901E800C89855 /* LaunchScreen.storyboard in Resources */ = {isa = PBXBuildFile; fileRef = 7462768C272901E800C89855 /* LaunchScreen.storyboard */; };
		74627699272901E800C89855 /* Rainbow2Tests.swift in Sources */ = {isa = PBXBuildFile; fileRef = 74627698272901E800C89855 /* Rainbow2Tests.swift */; };
		746276A3272901E800C89855 /* Rainbow2UITests.swift in Sources */ = {isa = PBXBuildFile; fileRef = 746276A2272901E800C89855 /* Rainbow2UITests.swift */; };
		746276A5272901E800C89855 /* Rainbow2UITestsLaunchTests.swift in Sources */ = {isa = PBXBuildFile; fileRef = 746276A4272901E800C89855 /* Rainbow2UITestsLaunchTests.swift */; };
/* End PBXBuildFile section */

/* Begin PBXContainerItemProxy section */
		74627695272901E800C89855 /* PBXContainerItemProxy */ = {
			isa = PBXContainerItemProxy;
			containerPortal = 74627673272901E600C89855 /* Project object */;
			proxyType = 1;
			remoteGlobalIDString = 7462767A272901E600C89855;
			remoteInfo = Rainbow2;
		};
		7462769F272901E800C89855 /* PBXContainerItemProxy */ = {
			isa = PBXContainerItemProxy;
			containerPortal = 74627673272901E600C89855 /* Project object */;
			proxyType = 1;
			remoteGlobalIDString = 7462767A272901E600C89855;
			remoteInfo = Rainbow2;
		};
/* End PBXContainerItemProxy section */

/* Begin PBXFileReference section */
		7462767B272901E600C89855 /* Rainbow2.app */ = {isa = PBXFileReference; explicitFileType = wrapper.application; includeInIndex = 0; path = Rainbow2.app; sourceTree = BUILT_PRODUCTS_DIR; };
		7462767E272901E600C89855 /* AppDelegate.swift */ = {isa = PBXFileReference; lastKnownFileType = sourcecode.swift; path = AppDelegate.swift; sourceTree = "<group>"; };
		74627680272901E600C89855 /* SceneDelegate.swift */ = {isa = PBXFileReference; lastKnownFileType = sourcecode.swift; path = SceneDelegate.swift; sourceTree = "<group>"; };
		74627682272901E600C89855 /* ViewController.swift */ = {isa = PBXFileReference; lastKnownFileType = sourcecode.swift; path = ViewController.swift; sourceTree = "<group>"; };
		74627685272901E600C89855 /* Base */ = {isa = PBXFileReference; lastKnownFileType = file.storyboard; name = Base; path = Base.lproj/Main.storyboard; sourceTree = "<group>"; };
		74627688272901E700C89855 /* Rainbow2.xcdatamodel */ = {isa = PBXFileReference; lastKnownFileType = wrapper.xcdatamodel; path = Rainbow2.xcdatamodel; sourceTree = "<group>"; };
		7462768A272901E800C89855 /* Assets.xcassets */ = {isa = PBXFileReference; lastKnownFileType = folder.assetcatalog; path = Assets.xcassets; sourceTree = "<group>"; };
		7462768D272901E800C89855 /* Base */ = {isa = PBXFileReference; lastKnownFileType = file.storyboard; name = Base; path = Base.lproj/LaunchScreen.storyboard; sourceTree = "<group>"; };
		7462768F272901E800C89855 /* Info.plist */ = {isa = PBXFileReference; lastKnownFileType = text.plist.xml; path = Info.plist; sourceTree = "<group>"; };
		74627694272901E800C89855 /* Rainbow2Tests.xctest */ = {isa = PBXFileReference; explicitFileType = wrapper.cfbundle; includeInIndex = 0; path = Rainbow2Tests.xctest; sourceTree = BUILT_PRODUCTS_DIR; };
		74627698272901E800C89855 /* Rainbow2Tests.swift */ = {isa = PBXFileReference; lastKnownFileType = sourcecode.swift; path = Rainbow2Tests.swift; sourceTree = "<group>"; };
		7462769E272901E800C89855 /* Rainbow2UITests.xctest */ = {isa = PBXFileReference; explicitFileType = wrapper.cfbundle; includeInIndex = 0; path = Rainbow2UITests.xctest; sourceTree = BUILT_PRODUCTS_DIR; };
		746276A2272901E800C89855 /* Rainbow2UITests.swift */ = {isa = PBXFileReference; lastKnownFileType = sourcecode.swift; path = Rainbow2UITests.swift; sourceTree = "<group>"; };
		746276A4272901E800C89855 /* Rainbow2UITestsLaunchTests.swift */ = {isa = PBXFileReference; lastKnownFileType = sourcecode.swift; path = Rainbow2UITestsLaunchTests.swift; sourceTree = "<group>"; };
/* End PBXFileReference section */

/* Begin PBXFrameworksBuildPhase section */
		74627678272901E600C89855 /* Frameworks */ = {
			isa = PBXFrameworksBuildPhase;
			buildActionMask = 2147483647;
			files = (
			);
			runOnlyForDeploymentPostprocessing = 0;
		};
		74627691272901E800C89855 /* Frameworks */ = {
			isa = PBXFrameworksBuildPhase;
			buildActionMask = 2147483647;
			files = (
			);
			runOnlyForDeploymentPostprocessing = 0;
		};
		7462769B272901E800C89855 /* Frameworks */ = {
			isa = PBXFrameworksBuildPhase;
			buildActionMask = 2147483647;
			files = (
			);
			runOnlyForDeploymentPostprocessing = 0;
		};
/* End PBXFrameworksBuildPhase section */

/* Begin PBXGroup section */
		74627672272901E600C89855 = {
			isa = PBXGroup;
			children = (
				7462767D272901E600C89855 /* Rainbow2 */,
				74627697272901E800C89855 /* Rainbow2Tests */,
				746276A1272901E800C89855 /* Rainbow2UITests */,
				7462767C272901E600C89855 /* Products */,
			);
			sourceTree = "<group>";
		};
		7462767C272901E600C89855 /* Products */ = {
			isa = PBXGroup;
			children = (
				7462767B272901E600C89855 /* Rainbow2.app */,
				74627694272901E800C89855 /* Rainbow2Tests.xctest */,
				7462769E272901E800C89855 /* Rainbow2UITests.xctest */,
			);
			name = Products;
			sourceTree = "<group>";
		};
		7462767D272901E600C89855 /* Rainbow2 */ = {
			isa = PBXGroup;
			children = (
				7462767E272901E600C89855 /* AppDelegate.swift */,
				74627680272901E600C89855 /* SceneDelegate.swift */,
				74627682272901E600C89855 /* ViewController.swift */,
				74627684272901E600C89855 /* Main.storyboard */,
				7462768A272901E800C89855 /* Assets.xcassets */,
				7462768C272901E800C89855 /* LaunchScreen.storyboard */,
				7462768F272901E800C89855 /* Info.plist */,
				74627687272901E700C89855 /* Rainbow2.xcdatamodeld */,
			);
			path = Rainbow2;
			sourceTree = "<group>";
		};
		74627697272901E800C89855 /* Rainbow2Tests */ = {
			isa = PBXGroup;
			children = (
				74627698272901E800C89855 /* Rainbow2Tests.swift */,
			);
			path = Rainbow2Tests;
			sourceTree = "<group>";
		};
		746276A1272901E800C89855 /* Rainbow2UITests */ = {
			isa = PBXGroup;
			children = (
				746276A2272901E800C89855 /* Rainbow2UITests.swift */,
				746276A4272901E800C89855 /* Rainbow2UITestsLaunchTests.swift */,
			);
			path = Rainbow2UITests;
			sourceTree = "<group>";
		};
/* End PBXGroup section */

/* Begin PBXNativeTarget section */
		7462767A272901E600C89855 /* Rainbow2 */ = {
			isa = PBXNativeTarget;
			buildConfigurationList = 746276A8272901E800C89855 /* Build configuration list for PBXNativeTarget "Rainbow2" */;
			buildPhases = (
				74627677272901E600C89855 /* Sources */,
				74627678272901E600C89855 /* Frameworks */,
				74627679272901E600C89855 /* Resources */,
			);
			buildRules = (
			);
			dependencies = (
			);
			name = Rainbow2;
			productName = Rainbow2;
			productReference = 7462767B272901E600C89855 /* Rainbow2.app */;
			productType = "com.apple.product-type.application";
		};
		74627693272901E800C89855 /* Rainbow2Tests */ = {
			isa = PBXNativeTarget;
			buildConfigurationList = 746276AB272901E800C89855 /* Build configuration list for PBXNativeTarget "Rainbow2Tests" */;
			buildPhases = (
				74627690272901E800C89855 /* Sources */,
				74627691272901E800C89855 /* Frameworks */,
				74627692272901E800C89855 /* Resources */,
			);
			buildRules = (
			);
			dependencies = (
				74627696272901E800C89855 /* PBXTargetDependency */,
			);
			name = Rainbow2Tests;
			productName = Rainbow2Tests;
			productReference = 74627694272901E800C89855 /* Rainbow2Tests.xctest */;
			productType = "com.apple.product-type.bundle.unit-test";
		};
		7462769D272901E800C89855 /* Rainbow2UITests */ = {
			isa = PBXNativeTarget;
			buildConfigurationList = 746276AE272901E800C89855 /* Build configuration list for PBXNativeTarget "Rainbow2UITests" */;
			buildPhases = (
				7462769A272901E800C89855 /* Sources */,
				7462769B272901E800C89855 /* Frameworks */,
				7462769C272901E800C89855 /* Resources */,
			);
			buildRules = (
			);
			dependencies = (
				746276A0272901E800C89855 /* PBXTargetDependency */,
			);
			name = Rainbow2UITests;
			productName = Rainbow2UITests;
			productReference = 7462769E272901E800C89855 /* Rainbow2UITests.xctest */;
			productType = "com.apple.product-type.bundle.ui-testing";
		};
/* End PBXNativeTarget section */

/* Begin PBXProject section */
		74627673272901E600C89855 /* Project object */ = {
			isa = PBXProject;
			attributes = {
				BuildIndependentTargetsInParallel = 1;
				LastSwiftUpdateCheck = 1300;
				LastUpgradeCheck = 1300;
				TargetAttributes = {
					7462767A272901E600C89855 = {
						CreatedOnToolsVersion = 13.0;
					};
					74627693272901E800C89855 = {
						CreatedOnToolsVersion = 13.0;
						TestTargetID = 7462767A272901E600C89855;
					};
					7462769D272901E800C89855 = {
						CreatedOnToolsVersion = 13.0;
						TestTargetID = 7462767A272901E600C89855;
					};
				};
			};
			buildConfigurationList = 74627676272901E600C89855 /* Build configuration list for PBXProject "Rainbow2" */;
			compatibilityVersion = "Xcode 13.0";
			developmentRegion = en;
			hasScannedForEncodings = 0;
			knownRegions = (
				en,
				Base,
			);
			mainGroup = 74627672272901E600C89855;
			productRefGroup = 7462767C272901E600C89855 /* Products */;
			projectDirPath = "";
			projectRoot = "";
			targets = (
				7462767A272901E600C89855 /* Rainbow2 */,
				74627693272901E800C89855 /* Rainbow2Tests */,
				7462769D272901E800C89855 /* Rainbow2UITests */,
			);
		};
/* End PBXProject section */

/* Begin PBXResourcesBuildPhase section */
		74627679272901E600C89855 /* Resources */ = {
			isa = PBXResourcesBuildPhase;
			buildActionMask = 2147483647;
			files = (
				7462768E272901E800C89855 /* LaunchScreen.storyboard in Resources */,
				7462768B272901E800C89855 /* Assets.xcassets in Resources */,
				74627686272901E600C89855 /* Main.storyboard in Resources */,
			);
			runOnlyForDeploymentPostprocessing = 0;
		};
		74627692272901E800C89855 /* Resources */ = {
			isa = PBXResourcesBuildPhase;
			buildActionMask = 2147483647;
			files = (
			);
			runOnlyForDeploymentPostprocessing = 0;
		};
		7462769C272901E800C89855 /* Resources */ = {
			isa = PBXResourcesBuildPhase;
			buildActionMask = 2147483647;
			files = (
			);
			runOnlyForDeploymentPostprocessing = 0;
		};
/* End PBXResourcesBuildPhase section */

/* Begin PBXSourcesBuildPhase section */
		74627677272901E600C89855 /* Sources */ = {
			isa = PBXSourcesBuildPhase;
			buildActionMask = 2147483647;
			files = (
				74627683272901E600C89855 /* ViewController.swift in Sources */,
				74627689272901E700C89855 /* Rainbow2.xcdatamodeld in Sources */,
				7462767F272901E600C89855 /* AppDelegate.swift in Sources */,
				74627681272901E600C89855 /* SceneDelegate.swift in Sources */,
			);
			runOnlyForDeploymentPostprocessing = 0;
		};
		74627690272901E800C89855 /* Sources */ = {
			isa = PBXSourcesBuildPhase;
			buildActionMask = 2147483647;
			files = (
				74627699272901E800C89855 /* Rainbow2Tests.swift in Sources */,
			);
			runOnlyForDeploymentPostprocessing = 0;
		};
		7462769A272901E800C89855 /* Sources */ = {
			isa = PBXSourcesBuildPhase;
			buildActionMask = 2147483647;
			files = (
				746276A5272901E800C89855 /* Rainbow2UITestsLaunchTests.swift in Sources */,
				746276A3272901E800C89855 /* Rainbow2UITests.swift in Sources */,
			);
			runOnlyForDeploymentPostprocessing = 0;
		};
/* End PBXSourcesBuildPhase section */

/* Begin PBXTargetDependency section */
		74627696272901E800C89855 /* PBXTargetDependency */ = {
			isa = PBXTargetDependency;
			target = 7462767A272901E600C89855 /* Rainbow2 */;
			targetProxy = 74627695272901E800C89855 /* PBXContainerItemProxy */;
		};
		746276A0272901E800C89855 /* PBXTargetDependency */ = {
			isa = PBXTargetDependency;
			target = 7462767A272901E600C89855 /* Rainbow2 */;
			targetProxy = 7462769F272901E800C89855 /* PBXContainerItemProxy */;
		};
/* End PBXTargetDependency section */

/* Begin PBXVariantGroup section */
		74627684272901E600C89855 /* Main.storyboard */ = {
			isa = PBXVariantGroup;
			children = (
				74627685272901E600C89855 /* Base */,
			);
			name = Main.storyboard;
			sourceTree = "<group>";
		};
		7462768C272901E800C89855 /* LaunchScreen.storyboard */ = {
			isa = PBXVariantGroup;
			children = (
				7462768D272901E800C89855 /* Base */,
			);
			name = LaunchScreen.storyboard;
			sourceTree = "<group>";
		};
/* End PBXVariantGroup section */

/* Begin XCBuildConfiguration section */
		746276A6272901E800C89855 /* Debug */ = {
			isa = XCBuildConfiguration;
			buildSettings = {
				ALWAYS_SEARCH_USER_PATHS = NO;
				CLANG_ANALYZER_NONNULL = YES;
				CLANG_ANALYZER_NUMBER_OBJECT_CONVERSION = YES_AGGRESSIVE;
				CLANG_CXX_LANGUAGE_STANDARD = "gnu++17";
				CLANG_CXX_LIBRARY = "libc++";
				CLANG_ENABLE_MODULES = YES;
				CLANG_ENABLE_OBJC_ARC = YES;
				CLANG_ENABLE_OBJC_WEAK = YES;
				CLANG_WARN_BLOCK_CAPTURE_AUTORELEASING = YES;
				CLANG_WARN_BOOL_CONVERSION = YES;
				CLANG_WARN_COMMA = YES;
				CLANG_WARN_CONSTANT_CONVERSION = YES;
				CLANG_WARN_DEPRECATED_OBJC_IMPLEMENTATIONS = YES;
				CLANG_WARN_DIRECT_OBJC_ISA_USAGE = YES_ERROR;
				CLANG_WARN_DOCUMENTATION_COMMENTS = YES;
				CLANG_WARN_EMPTY_BODY = YES;
				CLANG_WARN_ENUM_CONVERSION = YES;
				CLANG_WARN_INFINITE_RECURSION = YES;
				CLANG_WARN_INT_CONVERSION = YES;
				CLANG_WARN_NON_LITERAL_NULL_CONVERSION = YES;
				CLANG_WARN_OBJC_IMPLICIT_RETAIN_SELF = YES;
				CLANG_WARN_OBJC_LITERAL_CONVERSION = YES;
				CLANG_WARN_OBJC_ROOT_CLASS = YES_ERROR;
				CLANG_WARN_QUOTED_INCLUDE_IN_FRAMEWORK_HEADER = YES;
				CLANG_WARN_RANGE_LOOP_ANALYSIS = YES;
				CLANG_WARN_STRICT_PROTOTYPES = YES;
				CLANG_WARN_SUSPICIOUS_MOVE = YES;
				CLANG_WARN_UNGUARDED_AVAILABILITY = YES_AGGRESSIVE;
				CLANG_WARN_UNREACHABLE_CODE = YES;
				CLANG_WARN__DUPLICATE_METHOD_MATCH = YES;
				COPY_PHASE_STRIP = NO;
				DEBUG_INFORMATION_FORMAT = dwarf;
				ENABLE_STRICT_OBJC_MSGSEND = YES;
				ENABLE_TESTABILITY = YES;
				GCC_C_LANGUAGE_STANDARD = gnu11;
				GCC_DYNAMIC_NO_PIC = NO;
				GCC_NO_COMMON_BLOCKS = YES;
				GCC_OPTIMIZATION_LEVEL = 0;
				GCC_PREPROCESSOR_DEFINITIONS = (
					"DEBUG=1",
					"$(inherited)",
				);
				GCC_WARN_64_TO_32_BIT_CONVERSION = YES;
				GCC_WARN_ABOUT_RETURN_TYPE = YES_ERROR;
				GCC_WARN_UNDECLARED_SELECTOR = YES;
				GCC_WARN_UNINITIALIZED_AUTOS = YES_AGGRESSIVE;
				GCC_WARN_UNUSED_FUNCTION = YES;
				GCC_WARN_UNUSED_VARIABLE = YES;
				IPHONEOS_DEPLOYMENT_TARGET = 15.0;
				MTL_ENABLE_DEBUG_INFO = INCLUDE_SOURCE;
				MTL_FAST_MATH = YES;
				ONLY_ACTIVE_ARCH = YES;
				SDKROOT = iphoneos;
				SWIFT_ACTIVE_COMPILATION_CONDITIONS = DEBUG;
				SWIFT_OPTIMIZATION_LEVEL = "-Onone";
			};
			name = Debug;
		};
		746276A7272901E800C89855 /* Release */ = {
			isa = XCBuildConfiguration;
			buildSettings = {
				ALWAYS_SEARCH_USER_PATHS = NO;
				CLANG_ANALYZER_NONNULL = YES;
				CLANG_ANALYZER_NUMBER_OBJECT_CONVERSION = YES_AGGRESSIVE;
				CLANG_CXX_LANGUAGE_STANDARD = "gnu++17";
				CLANG_CXX_LIBRARY = "libc++";
				CLANG_ENABLE_MODULES = YES;
				CLANG_ENABLE_OBJC_ARC = YES;
				CLANG_ENABLE_OBJC_WEAK = YES;
				CLANG_WARN_BLOCK_CAPTURE_AUTORELEASING = YES;
				CLANG_WARN_BOOL_CONVERSION = YES;
				CLANG_WARN_COMMA = YES;
				CLANG_WARN_CONSTANT_CONVERSION = YES;
				CLANG_WARN_DEPRECATED_OBJC_IMPLEMENTATIONS = YES;
				CLANG_WARN_DIRECT_OBJC_ISA_USAGE = YES_ERROR;
				CLANG_WARN_DOCUMENTATION_COMMENTS = YES;
				CLANG_WARN_EMPTY_BODY = YES;
				CLANG_WARN_ENUM_CONVERSION = YES;
				CLANG_WARN_INFINITE_RECURSION = YES;
				CLANG_WARN_INT_CONVERSION = YES;
				CLANG_WARN_NON_LITERAL_NULL_CONVERSION = YES;
				CLANG_WARN_OBJC_IMPLICIT_RETAIN_SELF = YES;
				CLANG_WARN_OBJC_LITERAL_CONVERSION = YES;
				CLANG_WARN_OBJC_ROOT_CLASS = YES_ERROR;
				CLANG_WARN_QUOTED_INCLUDE_IN_FRAMEWORK_HEADER = YES;
				CLANG_WARN_RANGE_LOOP_ANALYSIS = YES;
				CLANG_WARN_STRICT_PROTOTYPES = YES;
				CLANG_WARN_SUSPICIOUS_MOVE = YES;
				CLANG_WARN_UNGUARDED_AVAILABILITY = YES_AGGRESSIVE;
				CLANG_WARN_UNREACHABLE_CODE = YES;
				CLANG_WARN__DUPLICATE_METHOD_MATCH = YES;
				COPY_PHASE_STRIP = NO;
				DEBUG_INFORMATION_FORMAT = "dwarf-with-dsym";
				ENABLE_NS_ASSERTIONS = NO;
				ENABLE_STRICT_OBJC_MSGSEND = YES;
				GCC_C_LANGUAGE_STANDARD = gnu11;
				GCC_NO_COMMON_BLOCKS = YES;
				GCC_WARN_64_TO_32_BIT_CONVERSION = YES;
				GCC_WARN_ABOUT_RETURN_TYPE = YES_ERROR;
				GCC_WARN_UNDECLARED_SELECTOR = YES;
				GCC_WARN_UNINITIALIZED_AUTOS = YES_AGGRESSIVE;
				GCC_WARN_UNUSED_FUNCTION = YES;
				GCC_WARN_UNUSED_VARIABLE = YES;
				IPHONEOS_DEPLOYMENT_TARGET = 15.0;
				MTL_ENABLE_DEBUG_INFO = NO;
				MTL_FAST_MATH = YES;
				SDKROOT = iphoneos;
				SWIFT_COMPILATION_MODE = wholemodule;
				SWIFT_OPTIMIZATION_LEVEL = "-O";
				VALIDATE_PRODUCT = YES;
			};
			name = Release;
		};
		746276A9272901E800C89855 /* Debug */ = {
			isa = XCBuildConfiguration;
			buildSettings = {
				ASSETCATALOG_COMPILER_APPICON_NAME = AppIcon;
				ASSETCATALOG_COMPILER_GLOBAL_ACCENT_COLOR_NAME = AccentColor;
				CODE_SIGN_STYLE = Automatic;
				CURRENT_PROJECT_VERSION = 1;
				DEVELOPMENT_TEAM = WH5J483H76;
				GENERATE_INFOPLIST_FILE = YES;
				INFOPLIST_FILE = Rainbow2/Info.plist;
				INFOPLIST_KEY_UIApplicationSupportsIndirectInputEvents = YES;
				INFOPLIST_KEY_UILaunchStoryboardName = LaunchScreen;
				INFOPLIST_KEY_UIMainStoryboardFile = Main;
				INFOPLIST_KEY_UISupportedInterfaceOrientations_iPad = "UIInterfaceOrientationPortrait UIInterfaceOrientationPortraitUpsideDown UIInterfaceOrientationLandscapeLeft UIInterfaceOrientationLandscapeRight";
				INFOPLIST_KEY_UISupportedInterfaceOrientations_iPhone = "UIInterfaceOrientationPortrait UIInterfaceOrientationLandscapeLeft UIInterfaceOrientationLandscapeRight";
				LD_RUNPATH_SEARCH_PATHS = (
					"$(inherited)",
					"@executable_path/Frameworks",
				);
				MARKETING_VERSION = 1.0;
				PRODUCT_BUNDLE_IDENTIFIER = com.Radhasharana.Myapp.Rainbow2;
				PRODUCT_NAME = "$(TARGET_NAME)";
				SWIFT_EMIT_LOC_STRINGS = YES;
				SWIFT_VERSION = 5.0;
				TARGETED_DEVICE_FAMILY = "1,2";
			};
			name = Debug;
		};
		746276AA272901E800C89855 /* Release */ = {
			isa = XCBuildConfiguration;
			buildSettings = {
				ASSETCATALOG_COMPILER_APPICON_NAME = AppIcon;
				ASSETCATALOG_COMPILER_GLOBAL_ACCENT_COLOR_NAME = AccentColor;
				CODE_SIGN_STYLE = Automatic;
				CURRENT_PROJECT_VERSION = 1;
				DEVELOPMENT_TEAM = WH5J483H76;
				GENERATE_INFOPLIST_FILE = YES;
				INFOPLIST_FILE = Rainbow2/Info.plist;
				INFOPLIST_KEY_UIApplicationSupportsIndirectInputEvents = YES;
				INFOPLIST_KEY_UILaunchStoryboardName = LaunchScreen;
				INFOPLIST_KEY_UIMainStoryboardFile = Main;
				INFOPLIST_KEY_UISupportedInterfaceOrientations_iPad = "UIInterfaceOrientationPortrait UIInterfaceOrientationPortraitUpsideDown UIInterfaceOrientationLandscapeLeft UIInterfaceOrientationLandscapeRight";
				INFOPLIST_KEY_UISupportedInterfaceOrientations_iPhone = "UIInterfaceOrientationPortrait UIInterfaceOrientationLandscapeLeft UIInterfaceOrientationLandscapeRight";
				LD_RUNPATH_SEARCH_PATHS = (
					"$(inherited)",
					"@executable_path/Frameworks",
				);
				MARKETING_VERSION = 1.0;
				PRODUCT_BUNDLE_IDENTIFIER = com.Radhasharana.Myapp.Rainbow2;
				PRODUCT_NAME = "$(TARGET_NAME)";
				SWIFT_EMIT_LOC_STRINGS = YES;
				SWIFT_VERSION = 5.0;
				TARGETED_DEVICE_FAMILY = "1,2";
			};
			name = Release;
		};
		746276AC272901E800C89855 /* Debug */ = {
			isa = XCBuildConfiguration;
			buildSettings = {
				ALWAYS_EMBED_SWIFT_STANDARD_LIBRARIES = YES;
				BUNDLE_LOADER = "$(TEST_HOST)";
				CODE_SIGN_STYLE = Automatic;
				CURRENT_PROJECT_VERSION = 1;
				DEVELOPMENT_TEAM = WH5J483H76;
				GENERATE_INFOPLIST_FILE = YES;
				IPHONEOS_DEPLOYMENT_TARGET = 15.0;
				LD_RUNPATH_SEARCH_PATHS = (
					"$(inherited)",
					"@executable_path/Frameworks",
					"@loader_path/Frameworks",
				);
				MARKETING_VERSION = 1.0;
				PRODUCT_BUNDLE_IDENTIFIER = com.Radhasharana.Myapp.Rainbow2Tests;
				PRODUCT_NAME = "$(TARGET_NAME)";
				SWIFT_EMIT_LOC_STRINGS = NO;
				SWIFT_VERSION = 5.0;
				TARGETED_DEVICE_FAMILY = "1,2";
				TEST_HOST = "$(BUILT_PRODUCTS_DIR)/Rainbow2.app/Rainbow2";
			};
			name = Debug;
		};
		746276AD272901E800C89855 /* Release */ = {
			isa = XCBuildConfiguration;
			buildSettings = {
				ALWAYS_EMBED_SWIFT_STANDARD_LIBRARIES = YES;
				BUNDLE_LOADER = "$(TEST_HOST)";
				CODE_SIGN_STYLE = Automatic;
				CURRENT_PROJECT_VERSION = 1;
				DEVELOPMENT_TEAM = WH5J483H76;
				GENERATE_INFOPLIST_FILE = YES;
				IPHONEOS_DEPLOYMENT_TARGET = 15.0;
				LD_RUNPATH_SEARCH_PATHS = (
					"$(inherited)",
					"@executable_path/Frameworks",
					"@loader_path/Frameworks",
				);
				MARKETING_VERSION = 1.0;
				PRODUCT_BUNDLE_IDENTIFIER = com.Radhasharana.Myapp.Rainbow2Tests;
				PRODUCT_NAME = "$(TARGET_NAME)";
				SWIFT_EMIT_LOC_STRINGS = NO;
				SWIFT_VERSION = 5.0;
				TARGETED_DEVICE_FAMILY = "1,2";
				TEST_HOST = "$(BUILT_PRODUCTS_DIR)/Rainbow2.app/Rainbow2";
			};
			name = Release;
		};
		746276AF272901E800C89855 /* Debug */ = {
			isa = XCBuildConfiguration;
			buildSettings = {
				ALWAYS_EMBED_SWIFT_STANDARD_LIBRARIES = YES;
				CODE_SIGN_STYLE = Automatic;
				CURRENT_PROJECT_VERSION = 1;
				DEVELOPMENT_TEAM = WH5J483H76;
				GENERATE_INFOPLIST_FILE = YES;
				LD_RUNPATH_SEARCH_PATHS = (
					"$(inherited)",
					"@executable_path/Frameworks",
					"@loader_path/Frameworks",
				);
				MARKETING_VERSION = 1.0;
				PRODUCT_BUNDLE_IDENTIFIER = com.Radhasharana.Myapp.Rainbow2UITests;
				PRODUCT_NAME = "$(TARGET_NAME)";
				SWIFT_EMIT_LOC_STRINGS = NO;
				SWIFT_VERSION = 5.0;
				TARGETED_DEVICE_FAMILY = "1,2";
				TEST_TARGET_NAME = Rainbow2;
			};
			name = Debug;
		};
		746276B0272901E800C89855 /* Release */ = {
			isa = XCBuildConfiguration;
			buildSettings = {
				ALWAYS_EMBED_SWIFT_STANDARD_LIBRARIES = YES;
				CODE_SIGN_STYLE = Automatic;
				CURRENT_PROJECT_VERSION = 1;
				DEVELOPMENT_TEAM = WH5J483H76;
				GENERATE_INFOPLIST_FILE = YES;
				LD_RUNPATH_SEARCH_PATHS = (
					"$(inherited)",
					"@executable_path/Frameworks",
					"@loader_path/Frameworks",
				);
				MARKETING_VERSION = 1.0;
				PRODUCT_BUNDLE_IDENTIFIER = com.Radhasharana.Myapp.Rainbow2UITests;
				PRODUCT_NAME = "$(TARGET_NAME)";
				SWIFT_EMIT_LOC_STRINGS = NO;
				SWIFT_VERSION = 5.0;
				TARGETED_DEVICE_FAMILY = "1,2";
				TEST_TARGET_NAME = Rainbow2;
			};
			name = Release;
		};
/* End XCBuildConfiguration section */

/* Begin XCConfigurationList section */
		74627676272901E600C89855 /* Build configuration list for PBXProject "Rainbow2" */ = {
			isa = XCConfigurationList;
			buildConfigurations = (
				746276A6272901E800C89855 /* Debug */,
				746276A7272901E800C89855 /* Release */,
			);
			defaultConfigurationIsVisible = 0;
			defaultConfigurationName = Release;
		};
		746276A8272901E800C89855 /* Build configuration list for PBXNativeTarget "Rainbow2" */ = {
			isa = XCConfigurationList;
			buildConfigurations = (
				746276A9272901E800C89855 /* Debug */,
				746276AA272901E800C89855 /* Release */,
			);
			defaultConfigurationIsVisible = 0;
			defaultConfigurationName = Release;
		};
		746276AB272901E800C89855 /* Build configuration list for PBXNativeTarget "Rainbow2Tests" */ = {
			isa = XCConfigurationList;
			buildConfigurations = (
				746276AC272901E800C89855 /* Debug */,
				746276AD272901E800C89855 /* Release */,
			);
			defaultConfigurationIsVisible = 0;
			defaultConfigurationName = Release;
		};
		746276AE272901E800C89855 /* Build configuration list for PBXNativeTarget "Rainbow2UITests" */ = {
			isa = XCConfigurationList;
			buildConfigurations = (
				746276AF272901E800C89855 /* Debug */,
				746276B0272901E800C89855 /* Release */,
			);
			defaultConfigurationIsVisible = 0;
			defaultConfigurationName = Release;
		};
/* End XCConfigurationList section */

/* Begin XCVersionGroup section */
		74627687272901E700C89855 /* Rainbow2.xcdatamodeld */ = {
			isa = XCVersionGroup;
			children = (
				74627688272901E700C89855 /* Rainbow2.xcdatamodel */,
			);
			currentVersion = 74627688272901E700C89855 /* Rainbow2.xcdatamodel */;
			path = Rainbow2.xcdatamodeld;
			sourceTree = "<group>";
			versionGroupType = wrapper.xcdatamodel;
		};
/* End XCVersionGroup section */
	};
	rootObject = 74627673272901E600C89855 /* Project object */;
}
